
Microsoft Visual Studio Solution File, Format Version 12.00
# Visual Studio Version 17
VisualStudioVersion = 17.5.33516.290
MinimumVisualStudioVersion = 10.0.40219.1
Project("{8BC9CEB8-8B4A-11D0-8D11-00A0C91BC942}") = "HashSample_ChainHash", "HashSample_ChainHash.vcxproj", "{7834747D-61B6-459B-A750-9358782E9940}"
EndProject
Global
	GlobalSection(SolutionConfigurationPlatforms) = preSolution
		Debug|x64 = Debug|x64
		Debug|x86 = Debug|x86
		Release|x64 = Release|x64
		Release|x86 = Release|x86
	EndGlobalSection
	GlobalSection(ProjectConfigurationPlatforms) = postSolution
		{7834747D-61B6-459B-A750-9358782E9940}.Debug|x64.ActiveCfg = Debug|x64
		{7834747D-61B6-459B-A750-9358782E9940}.Debug|x64.Build.0 = Debug|x64
		{7834747D-61B6-459B-A750-9358782E9940}.Debug|x86.ActiveCfg = Debug|Win32
		{7834747D-61B6-459B-A750-9358782E9940}.Debug|x86.Build.0 = Debug|Win32
		{7834747D-61B6-459B-A750-9358782E9940}.Release|x64.ActiveCfg = Release|x64
		{7834747D-61B6-459B-A750-9358782E9940}.Release|x64.Build.0 = Release|x64
		{7834747D-61B6-459B-A750-9358782E9940}.Release|x86.ActiveCfg = Release|Win32
		{7834747D-61B6-459B-A750-9358782E9940}.Release|x86.Build.0 = Release|Win32
	EndGlobalSection
	GlobalSection(SolutionProperties) = preSolution
		HideSolutionNode = FALSE
	EndGlobalSection
	GlobalSection(ExtensibilityGlobals) = postSolution
		SolutionGuid = {D8F35D6B-BA64-4654-8D72-6803E1AC01FC}
	EndGlobalSection
EndGlobal
