
Microsoft Visual Studio Solution File, Format Version 12.00
# Visual Studio Version 17
VisualStudioVersion = 17.5.33516.290
MinimumVisualStudioVersion = 10.0.40219.1
Project("{8BC9CEB8-8B4A-11D0-8D11-00A0C91BC942}") = "BinaryTreeSample_Bug", "BinaryTreeSample_Bug.vcxproj", "{B70F2D26-9501-4881-B6F6-1094DAE7AF21}"
EndProject
Global
	GlobalSection(SolutionConfigurationPlatforms) = preSolution
		Debug|x64 = Debug|x64
		Debug|x86 = Debug|x86
		Release|x64 = Release|x64
		Release|x86 = Release|x86
	EndGlobalSection
	GlobalSection(ProjectConfigurationPlatforms) = postSolution
		{B70F2D26-9501-4881-B6F6-1094DAE7AF21}.Debug|x64.ActiveCfg = Debug|x64
		{B70F2D26-9501-4881-B6F6-1094DAE7AF21}.Debug|x64.Build.0 = Debug|x64
		{B70F2D26-9501-4881-B6F6-1094DAE7AF21}.Debug|x86.ActiveCfg = Debug|Win32
		{B70F2D26-9501-4881-B6F6-1094DAE7AF21}.Debug|x86.Build.0 = Debug|Win32
		{B70F2D26-9501-4881-B6F6-1094DAE7AF21}.Release|x64.ActiveCfg = Release|x64
		{B70F2D26-9501-4881-B6F6-1094DAE7AF21}.Release|x64.Build.0 = Release|x64
		{B70F2D26-9501-4881-B6F6-1094DAE7AF21}.Release|x86.ActiveCfg = Release|Win32
		{B70F2D26-9501-4881-B6F6-1094DAE7AF21}.Release|x86.Build.0 = Release|Win32
	EndGlobalSection
	GlobalSection(SolutionProperties) = preSolution
		HideSolutionNode = FALSE
	EndGlobalSection
	GlobalSection(ExtensibilityGlobals) = postSolution
		SolutionGuid = {41E75F16-76B4-44D6-87F9-84A35E84C2CB}
	EndGlobalSection
EndGlobal
