
Microsoft Visual Studio Solution File, Format Version 12.00
# Visual Studio Version 17
VisualStudioVersion = 17.5.33516.290
MinimumVisualStudioVersion = 10.0.40219.1
Project("{8BC9CEB8-8B4A-11D0-8D11-00A0C91BC942}") = "TowerOfHanoi", "TowerOfHanoi.vcxproj", "{89DA754F-A9E7-43F0-BCD4-84F3CB19ECCF}"
EndProject
Global
	GlobalSection(SolutionConfigurationPlatforms) = preSolution
		Debug|x64 = Debug|x64
		Debug|x86 = Debug|x86
		Release|x64 = Release|x64
		Release|x86 = Release|x86
	EndGlobalSection
	GlobalSection(ProjectConfigurationPlatforms) = postSolution
		{89DA754F-A9E7-43F0-BCD4-84F3CB19ECCF}.Debug|x64.ActiveCfg = Debug|x64
		{89DA754F-A9E7-43F0-BCD4-84F3CB19ECCF}.Debug|x64.Build.0 = Debug|x64
		{89DA754F-A9E7-43F0-BCD4-84F3CB19ECCF}.Debug|x86.ActiveCfg = Debug|Win32
		{89DA754F-A9E7-43F0-BCD4-84F3CB19ECCF}.Debug|x86.Build.0 = Debug|Win32
		{89DA754F-A9E7-43F0-BCD4-84F3CB19ECCF}.Release|x64.ActiveCfg = Release|x64
		{89DA754F-A9E7-43F0-BCD4-84F3CB19ECCF}.Release|x64.Build.0 = Release|x64
		{89DA754F-A9E7-43F0-BCD4-84F3CB19ECCF}.Release|x86.ActiveCfg = Release|Win32
		{89DA754F-A9E7-43F0-BCD4-84F3CB19ECCF}.Release|x86.Build.0 = Release|Win32
	EndGlobalSection
	GlobalSection(SolutionProperties) = preSolution
		HideSolutionNode = FALSE
	EndGlobalSection
	GlobalSection(ExtensibilityGlobals) = postSolution
		SolutionGuid = {36CF6808-D26C-4DB6-98BE-006BF3F13885}
	EndGlobalSection
EndGlobal
